
Microsoft Visual Studio Solution File, Format Version 12.00
# Visual Studio 14
VisualStudioVersion = 14.0.23107.0
MinimumVisualStudioVersion = 10.0.40219.1
Project("{FAE04EC0-301F-11D3-BF4B-00C04F79EFBC}") = "Autofac.Integration.SignalR", "src\Autofac.Integration.SignalR\Autofac.Integration.SignalR.csproj", "{CCC12CB7-6753-4772-9B04-83A0B2554991}"
EndProject
Project("{FAE04EC0-301F-11D3-BF4B-00C04F79EFBC}") = "Autofac.Integration.SignalR.Test", "test\Autofac.Integration.SignalR.Test\Autofac.Integration.SignalR.Test.csproj", "{C2B5131B-97A1-44D1-9378-0BF3CA3E9513}"
EndProject
Project("{2150E333-8FDC-42A3-9474-1A3956D46DE8}") = "src", "src", "{6801E546-41B1-4F4B-93C8-CFD09D300811}"
EndProject
Project("{2150E333-8FDC-42A3-9474-1A3956D46DE8}") = "test", "test", "{3542D6EC-8CC0-481E-AB86-3E63CC76CC0F}"
EndProject
Global
	GlobalSection(SolutionConfigurationPlatforms) = preSolution
		Debug|Any CPU = Debug|Any CPU
		Release|Any CPU = Release|Any CPU
	EndGlobalSection
	GlobalSection(ProjectConfigurationPlatforms) = postSolution
		{CCC12CB7-6753-4772-9B04-83A0B2554991}.Debug|Any CPU.ActiveCfg = Debug|Any CPU
		{CCC12CB7-6753-4772-9B04-83A0B2554991}.Debug|Any CPU.Build.0 = Debug|Any CPU
		{CCC12CB7-6753-4772-9B04-83A0B2554991}.Release|Any CPU.ActiveCfg = Release|Any CPU
		{CCC12CB7-6753-4772-9B04-83A0B2554991}.Release|Any CPU.Build.0 = Release|Any CPU
		{C2B5131B-97A1-44D1-9378-0BF3CA3E9513}.Debug|Any CPU.ActiveCfg = Debug|Any CPU
		{C2B5131B-97A1-44D1-9378-0BF3CA3E9513}.Debug|Any CPU.Build.0 = Debug|Any CPU
		{C2B5131B-97A1-44D1-9378-0BF3CA3E9513}.Release|Any CPU.ActiveCfg = Release|Any CPU
		{C2B5131B-97A1-44D1-9378-0BF3CA3E9513}.Release|Any CPU.Build.0 = Release|Any CPU
	EndGlobalSection
	GlobalSection(SolutionProperties) = preSolution
		HideSolutionNode = FALSE
	EndGlobalSection
	GlobalSection(NestedProjects) = preSolution
		{CCC12CB7-6753-4772-9B04-83A0B2554991} = {6801E546-41B1-4F4B-93C8-CFD09D300811}
		{C2B5131B-97A1-44D1-9378-0BF3CA3E9513} = {3542D6EC-8CC0-481E-AB86-3E63CC76CC0F}
	EndGlobalSection
EndGlobal
